// !$*UTF8*$!
{
	archiveVersion = 1;
	classes = {
	};
	objectVersion = 46;
	objects = {

/* Begin PBXBuildFile section */
		9111B4051EE8901C009F18E3 /* AppDelegate.swift in Sources */ = {isa = PBXBuildFile; fileRef = 9111B4041EE8901C009F18E3 /* AppDelegate.swift */; };
		9111B4071EE8901C009F18E3 /* ViewController.swift in Sources */ = {isa = PBXBuildFile; fileRef = 9111B4061EE8901C009F18E3 /* ViewController.swift */; };
		9111B40A1EE8901C009F18E3 /* Main.storyboard in Resources */ = {isa = PBXBuildFile; fileRef = 9111B4081EE8901C009F18E3 /* Main.storyboard */; };
		9111B40C1EE8901C009F18E3 /* Assets.xcassets in Resources */ = {isa = PBXBuildFile; fileRef = 9111B40B1EE8901C009F18E3 /* Assets.xcassets */; };
		9111B40F1EE8901C009F18E3 /* LaunchScreen.storyboard in Resources */ = {isa = PBXBuildFile; fileRef = 9111B40D1EE8901C009F18E3 /* LaunchScreen.storyboard */; };
		9111B42F1EE89233009F18E3 /* frame_0_delay-0.07s.gif in Resources */ = {isa = PBXBuildFile; fileRef = 9111B4161EE89233009F18E3 /* frame_0_delay-0.07s.gif */; };
		9111B4301EE89233009F18E3 /* frame_1_delay-0.07s.gif in Resources */ = {isa = PBXBuildFile; fileRef = 9111B4171EE89233009F18E3 /* frame_1_delay-0.07s.gif */; };
		9111B4311EE89233009F18E3 /* frame_2_delay-0.07s.gif in Resources */ = {isa = PBXBuildFile; fileRef = 9111B4181EE89233009F18E3 /* frame_2_delay-0.07s.gif */; };
		9111B4321EE89233009F18E3 /* frame_3_delay-0.07s.gif in Resources */ = {isa = PBXBuildFile; fileRef = 9111B4191EE89233009F18E3 /* frame_3_delay-0.07s.gif */; };
		9111B4331EE89233009F18E3 /* frame_4_delay-0.07s.gif in Resources */ = {isa = PBXBuildFile; fileRef = 9111B41A1EE89233009F18E3 /* frame_4_delay-0.07s.gif */; };
		9111B4341EE89233009F18E3 /* frame_5_delay-0.07s.gif in Resources */ = {isa = PBXBuildFile; fileRef = 9111B41B1EE89233009F18E3 /* frame_5_delay-0.07s.gif */; };
		9111B4351EE89233009F18E3 /* frame_6_delay-0.07s.gif in Resources */ = {isa = PBXBuildFile; fileRef = 9111B41C1EE89233009F18E3 /* frame_6_delay-0.07s.gif */; };
		9111B4361EE89233009F18E3 /* frame_7_delay-0.07s.gif in Resources */ = {isa = PBXBuildFile; fileRef = 9111B41D1EE89233009F18E3 /* frame_7_delay-0.07s.gif */; };
		9111B4371EE89233009F18E3 /* frame_8_delay-0.07s.gif in Resources */ = {isa = PBXBuildFile; fileRef = 9111B41E1EE89233009F18E3 /* frame_8_delay-0.07s.gif */; };
		9111B4381EE89233009F18E3 /* frame_9_delay-0.07s.gif in Resources */ = {isa = PBXBuildFile; fileRef = 9111B41F1EE89233009F18E3 /* frame_9_delay-0.07s.gif */; };
		9111B4391EE89233009F18E3 /* frame_10_delay-0.07s.gif in Resources */ = {isa = PBXBuildFile; fileRef = 9111B4201EE89233009F18E3 /* frame_10_delay-0.07s.gif */; };
		9111B43A1EE89233009F18E3 /* frame_11_delay-0.07s.gif in Resources */ = {isa = PBXBuildFile; fileRef = 9111B4211EE89233009F18E3 /* frame_11_delay-0.07s.gif */; };
		9111B43B1EE89233009F18E3 /* frame_12_delay-0.07s.gif in Resources */ = {isa = PBXBuildFile; fileRef = 9111B4221EE89233009F18E3 /* frame_12_delay-0.07s.gif */; };
		9111B43C1EE89233009F18E3 /* frame_13_delay-0.07s.gif in Resources */ = {isa = PBXBuildFile; fileRef = 9111B4231EE89233009F18E3 /* frame_13_delay-0.07s.gif */; };
		9111B43D1EE89233009F18E3 /* frame_14_delay-0.07s.gif in Resources */ = {isa = PBXBuildFile; fileRef = 9111B4241EE89233009F18E3 /* frame_14_delay-0.07s.gif */; };
		9111B43E1EE89233009F18E3 /* frame_15_delay-0.07s.gif in Resources */ = {isa = PBXBuildFile; fileRef = 9111B4251EE89233009F18E3 /* frame_15_delay-0.07s.gif */; };
		9111B43F1EE89233009F18E3 /* frame_16_delay-0.07s.gif in Resources */ = {isa = PBXBuildFile; fileRef = 9111B4261EE89233009F18E3 /* frame_16_delay-0.07s.gif */; };
		9111B4401EE89233009F18E3 /* frame_17_delay-0.07s.gif in Resources */ = {isa = PBXBuildFile; fileRef = 9111B4271EE89233009F18E3 /* frame_17_delay-0.07s.gif */; };
		9111B4411EE89233009F18E3 /* frame_18_delay-0.07s.gif in Resources */ = {isa = PBXBuildFile; fileRef = 9111B4281EE89233009F18E3 /* frame_18_delay-0.07s.gif */; };
		9111B4421EE89233009F18E3 /* frame_19_delay-0.07s.gif in Resources */ = {isa = PBXBuildFile; fileRef = 9111B4291EE89233009F18E3 /* frame_19_delay-0.07s.gif */; };
		9111B4431EE89233009F18E3 /* frame_20_delay-0.07s.gif in Resources */ = {isa = PBXBuildFile; fileRef = 9111B42A1EE89233009F18E3 /* frame_20_delay-0.07s.gif */; };
		9111B4441EE89233009F18E3 /* frame_21_delay-0.07s.gif in Resources */ = {isa = PBXBuildFile; fileRef = 9111B42B1EE89233009F18E3 /* frame_21_delay-0.07s.gif */; };
		9111B4451EE89233009F18E3 /* frame_22_delay-0.07s.gif in Resources */ = {isa = PBXBuildFile; fileRef = 9111B42C1EE89233009F18E3 /* frame_22_delay-0.07s.gif */; };
		9111B4461EE89233009F18E3 /* frame_23_delay-0.07s.gif in Resources */ = {isa = PBXBuildFile; fileRef = 9111B42D1EE89233009F18E3 /* frame_23_delay-0.07s.gif */; };
		9111B4471EE89233009F18E3 /* frame_24_delay-0.07s.gif in Resources */ = {isa = PBXBuildFile; fileRef = 9111B42E1EE89233009F18E3 /* frame_24_delay-0.07s.gif */; };
/* End PBXBuildFile section */

/* Begin PBXFileReference section */
		9111B4011EE8901C009F18E3 /* Animations.app */ = {isa = PBXFileReference; explicitFileType = wrapper.application; includeInIndex = 0; path = Animations.app; sourceTree = BUILT_PRODUCTS_DIR; };
		9111B4041EE8901C009F18E3 /* AppDelegate.swift */ = {isa = PBXFileReference; lastKnownFileType = sourcecode.swift; path = AppDelegate.swift; sourceTree = "<group>"; };
		9111B4061EE8901C009F18E3 /* ViewController.swift */ = {isa = PBXFileReference; lastKnownFileType = sourcecode.swift; path = ViewController.swift; sourceTree = "<group>"; };
		9111B4091EE8901C009F18E3 /* Base */ = {isa = PBXFileReference; lastKnownFileType = file.storyboard; name = Base; path = Base.lproj/Main.storyboard; sourceTree = "<group>"; };
		9111B40B1EE8901C009F18E3 /* Assets.xcassets */ = {isa = PBXFileReference; lastKnownFileType = folder.assetcatalog; path = Assets.xcassets; sourceTree = "<group>"; };
		9111B40E1EE8901C009F18E3 /* Base */ = {isa = PBXFileReference; lastKnownFileType = file.storyboard; name = Base; path = Base.lproj/LaunchScreen.storyboard; sourceTree = "<group>"; };
		9111B4101EE8901C009F18E3 /* Info.plist */ = {isa = PBXFileReference; lastKnownFileType = text.plist.xml; path = Info.plist; sourceTree = "<group>"; };
		9111B4161EE89233009F18E3 /* frame_0_delay-0.07s.gif */ = {isa = PBXFileReference; lastKnownFileType = image.gif; path = "frame_0_delay-0.07s.gif"; sourceTree = "<group>"; };
		9111B4171EE89233009F18E3 /* frame_1_delay-0.07s.gif */ = {isa = PBXFileReference; lastKnownFileType = image.gif; path = "frame_1_delay-0.07s.gif"; sourceTree = "<group>"; };
		9111B4181EE89233009F18E3 /* frame_2_delay-0.07s.gif */ = {isa = PBXFileReference; lastKnownFileType = image.gif; path = "frame_2_delay-0.07s.gif"; sourceTree = "<group>"; };
		9111B4191EE89233009F18E3 /* frame_3_delay-0.07s.gif */ = {isa = PBXFileReference; lastKnownFileType = image.gif; path = "frame_3_delay-0.07s.gif"; sourceTree = "<group>"; };
		9111B41A1EE89233009F18E3 /* frame_4_delay-0.07s.gif */ = {isa = PBXFileReference; lastKnownFileType = image.gif; path = "frame_4_delay-0.07s.gif"; sourceTree = "<group>"; };
		9111B41B1EE89233009F18E3 /* frame_5_delay-0.07s.gif */ = {isa = PBXFileReference; lastKnownFileType = image.gif; path = "frame_5_delay-0.07s.gif"; sourceTree = "<group>"; };
		9111B41C1EE89233009F18E3 /* frame_6_delay-0.07s.gif */ = {isa = PBXFileReference; lastKnownFileType = image.gif; path = "frame_6_delay-0.07s.gif"; sourceTree = "<group>"; };
		9111B41D1EE89233009F18E3 /* frame_7_delay-0.07s.gif */ = {isa = PBXFileReference; lastKnownFileType = image.gif; path = "frame_7_delay-0.07s.gif"; sourceTree = "<group>"; };
		9111B41E1EE89233009F18E3 /* frame_8_delay-0.07s.gif */ = {isa = PBXFileReference; lastKnownFileType = image.gif; path = "frame_8_delay-0.07s.gif"; sourceTree = "<group>"; };
		9111B41F1EE89233009F18E3 /* frame_9_delay-0.07s.gif */ = {isa = PBXFileReference; lastKnownFileType = image.gif; path = "frame_9_delay-0.07s.gif"; sourceTree = "<group>"; };
		9111B4201EE89233009F18E3 /* frame_10_delay-0.07s.gif */ = {isa = PBXFileReference; lastKnownFileType = image.gif; path = "frame_10_delay-0.07s.gif"; sourceTree = "<group>"; };
		9111B4211EE89233009F18E3 /* frame_11_delay-0.07s.gif */ = {isa = PBXFileReference; lastKnownFileType = image.gif; path = "frame_11_delay-0.07s.gif"; sourceTree = "<group>"; };
		9111B4221EE89233009F18E3 /* frame_12_delay-0.07s.gif */ = {isa = PBXFileReference; lastKnownFileType = image.gif; path = "frame_12_delay-0.07s.gif"; sourceTree = "<group>"; };
		9111B4231EE89233009F18E3 /* frame_13_delay-0.07s.gif */ = {isa = PBXFileReference; lastKnownFileType = image.gif; path = "frame_13_delay-0.07s.gif"; sourceTree = "<group>"; };
		9111B4241EE89233009F18E3 /* frame_14_delay-0.07s.gif */ = {isa = PBXFileReference; lastKnownFileType = image.gif; path = "frame_14_delay-0.07s.gif"; sourceTree = "<group>"; };
		9111B4251EE89233009F18E3 /* frame_15_delay-0.07s.gif */ = {isa = PBXFileReference; lastKnownFileType = image.gif; path = "frame_15_delay-0.07s.gif"; sourceTree = "<group>"; };
		9111B4261EE89233009F18E3 /* frame_16_delay-0.07s.gif */ = {isa = PBXFileReference; lastKnownFileType = image.gif; path = "frame_16_delay-0.07s.gif"; sourceTree = "<group>"; };
		9111B4271EE89233009F18E3 /* frame_17_delay-0.07s.gif */ = {isa = PBXFileReference; lastKnownFileType = image.gif; path = "frame_17_delay-0.07s.gif"; sourceTree = "<group>"; };
		9111B4281EE89233009F18E3 /* frame_18_delay-0.07s.gif */ = {isa = PBXFileReference; lastKnownFileType = image.gif; path = "frame_18_delay-0.07s.gif"; sourceTree = "<group>"; };
		9111B4291EE89233009F18E3 /* frame_19_delay-0.07s.gif */ = {isa = PBXFileReference; lastKnownFileType = image.gif; path = "frame_19_delay-0.07s.gif"; sourceTree = "<group>"; };
		9111B42A1EE89233009F18E3 /* frame_20_delay-0.07s.gif */ = {isa = PBXFileReference; lastKnownFileType = image.gif; path = "frame_20_delay-0.07s.gif"; sourceTree = "<group>"; };
		9111B42B1EE89233009F18E3 /* frame_21_delay-0.07s.gif */ = {isa = PBXFileReference; lastKnownFileType = image.gif; path = "frame_21_delay-0.07s.gif"; sourceTree = "<group>"; };
		9111B42C1EE89233009F18E3 /* frame_22_delay-0.07s.gif */ = {isa = PBXFileReference; lastKnownFileType = image.gif; path = "frame_22_delay-0.07s.gif"; sourceTree = "<group>"; };
		9111B42D1EE89233009F18E3 /* frame_23_delay-0.07s.gif */ = {isa = PBXFileReference; lastKnownFileType = image.gif; path = "frame_23_delay-0.07s.gif"; sourceTree = "<group>"; };
		9111B42E1EE89233009F18E3 /* frame_24_delay-0.07s.gif */ = {isa = PBXFileReference; lastKnownFileType = image.gif; path = "frame_24_delay-0.07s.gif"; sourceTree = "<group>"; };
/* End PBXFileReference section */

/* Begin PBXFrameworksBuildPhase section */
		9111B3FE1EE8901C009F18E3 /* Frameworks */ = {
			isa = PBXFrameworksBuildPhase;
			buildActionMask = 2147483647;
			files = (
			);
			runOnlyForDeploymentPostprocessing = 0;
		};
/* End PBXFrameworksBuildPhase section */

/* Begin PBXGroup section */
		9111B3F81EE8901C009F18E3 = {
			isa = PBXGroup;
			children = (
				9111B4031EE8901C009F18E3 /* Animations */,
				9111B4021EE8901C009F18E3 /* Products */,
			);
			sourceTree = "<group>";
		};
		9111B4021EE8901C009F18E3 /* Products */ = {
			isa = PBXGroup;
			children = (
				9111B4011EE8901C009F18E3 /* Animations.app */,
			);
			name = Products;
			sourceTree = "<group>";
		};
		9111B4031EE8901C009F18E3 /* Animations */ = {
			isa = PBXGroup;
			children = (
				9111B4041EE8901C009F18E3 /* AppDelegate.swift */,
				9111B4061EE8901C009F18E3 /* ViewController.swift */,
				9111B4081EE8901C009F18E3 /* Main.storyboard */,
				9111B4161EE89233009F18E3 /* frame_0_delay-0.07s.gif */,
				9111B4171EE89233009F18E3 /* frame_1_delay-0.07s.gif */,
				9111B4181EE89233009F18E3 /* frame_2_delay-0.07s.gif */,
				9111B4191EE89233009F18E3 /* frame_3_delay-0.07s.gif */,
				9111B41A1EE89233009F18E3 /* frame_4_delay-0.07s.gif */,
				9111B41B1EE89233009F18E3 /* frame_5_delay-0.07s.gif */,
				9111B41C1EE89233009F18E3 /* frame_6_delay-0.07s.gif */,
				9111B41D1EE89233009F18E3 /* frame_7_delay-0.07s.gif */,
				9111B41E1EE89233009F18E3 /* frame_8_delay-0.07s.gif */,
				9111B41F1EE89233009F18E3 /* frame_9_delay-0.07s.gif */,
				9111B4201EE89233009F18E3 /* frame_10_delay-0.07s.gif */,
				9111B4211EE89233009F18E3 /* frame_11_delay-0.07s.gif */,
				9111B4221EE89233009F18E3 /* frame_12_delay-0.07s.gif */,
				9111B4231EE89233009F18E3 /* frame_13_delay-0.07s.gif */,
				9111B4241EE89233009F18E3 /* frame_14_delay-0.07s.gif */,
				9111B4251EE89233009F18E3 /* frame_15_delay-0.07s.gif */,
				9111B4261EE89233009F18E3 /* frame_16_delay-0.07s.gif */,
				9111B4271EE89233009F18E3 /* frame_17_delay-0.07s.gif */,
				9111B4281EE89233009F18E3 /* frame_18_delay-0.07s.gif */,
				9111B4291EE89233009F18E3 /* frame_19_delay-0.07s.gif */,
				9111B42A1EE89233009F18E3 /* frame_20_delay-0.07s.gif */,
				9111B42B1EE89233009F18E3 /* frame_21_delay-0.07s.gif */,
				9111B42C1EE89233009F18E3 /* frame_22_delay-0.07s.gif */,
				9111B42D1EE89233009F18E3 /* frame_23_delay-0.07s.gif */,
				9111B42E1EE89233009F18E3 /* frame_24_delay-0.07s.gif */,
				9111B40B1EE8901C009F18E3 /* Assets.xcassets */,
				9111B40D1EE8901C009F18E3 /* LaunchScreen.storyboard */,
				9111B4101EE8901C009F18E3 /* Info.plist */,
			);
			path = Animations;
			sourceTree = "<group>";
		};
/* End PBXGroup section */

/* Begin PBXNativeTarget section */
		9111B4001EE8901C009F18E3 /* Animations */ = {
			isa = PBXNativeTarget;
			buildConfigurationList = 9111B4131EE8901C009F18E3 /* Build configuration list for PBXNativeTarget "Animations" */;
			buildPhases = (
				9111B3FD1EE8901C009F18E3 /* Sources */,
				9111B3FE1EE8901C009F18E3 /* Frameworks */,
				9111B3FF1EE8901C009F18E3 /* Resources */,
			);
			buildRules = (
			);
			dependencies = (
			);
			name = Animations;
			productName = Animations;
			productReference = 9111B4011EE8901C009F18E3 /* Animations.app */;
			productType = "com.apple.product-type.application";
		};
/* End PBXNativeTarget section */

/* Begin PBXProject section */
		9111B3F91EE8901C009F18E3 /* Project object */ = {
			isa = PBXProject;
			attributes = {
				LastSwiftUpdateCheck = 0830;
				LastUpgradeCheck = 0830;
				ORGANIZATIONNAME = Braaaaap;
				TargetAttributes = {
					9111B4001EE8901C009F18E3 = {
						CreatedOnToolsVersion = 8.3.2;
						ProvisioningStyle = Automatic;
					};
				};
			};
			buildConfigurationList = 9111B3FC1EE8901C009F18E3 /* Build configuration list for PBXProject "Animations" */;
			compatibilityVersion = "Xcode 3.2";
			developmentRegion = English;
			hasScannedForEncodings = 0;
			knownRegions = (
				en,
				Base,
			);
			mainGroup = 9111B3F81EE8901C009F18E3;
			productRefGroup = 9111B4021EE8901C009F18E3 /* Products */;
			projectDirPath = "";
			projectRoot = "";
			targets = (
				9111B4001EE8901C009F18E3 /* Animations */,
			);
		};
/* End PBXProject section */

/* Begin PBXResourcesBuildPhase section */
		9111B3FF1EE8901C009F18E3 /* Resources */ = {
			isa = PBXResourcesBuildPhase;
			buildActionMask = 2147483647;
			files = (
				9111B4391EE89233009F18E3 /* frame_10_delay-0.07s.gif in Resources */,
				9111B4381EE89233009F18E3 /* frame_9_delay-0.07s.gif in Resources */,
				9111B4351EE89233009F18E3 /* frame_6_delay-0.07s.gif in Resources */,
				9111B43E1EE89233009F18E3 /* frame_15_delay-0.07s.gif in Resources */,
				9111B4311EE89233009F18E3 /* frame_2_delay-0.07s.gif in Resources */,
				9111B4451EE89233009F18E3 /* frame_22_delay-0.07s.gif in Resources */,
				9111B42F1EE89233009F18E3 /* frame_0_delay-0.07s.gif in Resources */,
				9111B4321EE89233009F18E3 /* frame_3_delay-0.07s.gif in Resources */,
				9111B40F1EE8901C009F18E3 /* LaunchScreen.storyboard in Resources */,
				9111B4331EE89233009F18E3 /* frame_4_delay-0.07s.gif in Resources */,
				9111B43A1EE89233009F18E3 /* frame_11_delay-0.07s.gif in Resources */,
				9111B4361EE89233009F18E3 /* frame_7_delay-0.07s.gif in Resources */,
				9111B43D1EE89233009F18E3 /* frame_14_delay-0.07s.gif in Resources */,
				9111B40C1EE8901C009F18E3 /* Assets.xcassets in Resources */,
				9111B4371EE89233009F18E3 /* frame_8_delay-0.07s.gif in Resources */,
				9111B4461EE89233009F18E3 /* frame_23_delay-0.07s.gif in Resources */,
				9111B43B1EE89233009F18E3 /* frame_12_delay-0.07s.gif in Resources */,
				9111B4401EE89233009F18E3 /* frame_17_delay-0.07s.gif in Resources */,
				9111B43C1EE89233009F18E3 /* frame_13_delay-0.07s.gif in Resources */,
				9111B43F1EE89233009F18E3 /* frame_16_delay-0.07s.gif in Resources */,
				9111B4411EE89233009F18E3 /* frame_18_delay-0.07s.gif in Resources */,
				9111B4431EE89233009F18E3 /* frame_20_delay-0.07s.gif in Resources */,
				9111B40A1EE8901C009F18E3 /* Main.storyboard in Resources */,
				9111B4471EE89233009F18E3 /* frame_24_delay-0.07s.gif in Resources */,
				9111B4341EE89233009F18E3 /* frame_5_delay-0.07s.gif in Resources */,
				9111B4441EE89233009F18E3 /* frame_21_delay-0.07s.gif in Resources */,
				9111B4421EE89233009F18E3 /* frame_19_delay-0.07s.gif in Resources */,
				9111B4301EE89233009F18E3 /* frame_1_delay-0.07s.gif in Resources */,
			);
			runOnlyForDeploymentPostprocessing = 0;
		};
/* End PBXResourcesBuildPhase section */

/* Begin PBXSourcesBuildPhase section */
		9111B3FD1EE8901C009F18E3 /* Sources */ = {
			isa = PBXSourcesBuildPhase;
			buildActionMask = 2147483647;
			files = (
				9111B4071EE8901C009F18E3 /* ViewController.swift in Sources */,
				9111B4051EE8901C009F18E3 /* AppDelegate.swift in Sources */,
			);
			runOnlyForDeploymentPostprocessing = 0;
		};
/* End PBXSourcesBuildPhase section */

/* Begin PBXVariantGroup section */
		9111B4081EE8901C009F18E3 /* Main.storyboard */ = {
			isa = PBXVariantGroup;
			children = (
				9111B4091EE8901C009F18E3 /* Base */,
			);
			name = Main.storyboard;
			sourceTree = "<group>";
		};
		9111B40D1EE8901C009F18E3 /* LaunchScreen.storyboard */ = {
			isa = PBXVariantGroup;
			children = (
				9111B40E1EE8901C009F18E3 /* Base */,
			);
			name = LaunchScreen.storyboard;
			sourceTree = "<group>";
		};
/* End PBXVariantGroup section */

/* Begin XCBuildConfiguration section */
		9111B4111EE8901C009F18E3 /* Debug */ = {
			isa = XCBuildConfiguration;
			buildSettings = {
				ALWAYS_SEARCH_USER_PATHS = NO;
				CLANG_ANALYZER_NONNULL = YES;
				CLANG_ANALYZER_NUMBER_OBJECT_CONVERSION = YES_AGGRESSIVE;
				CLANG_CXX_LANGUAGE_STANDARD = "gnu++0x";
				CLANG_CXX_LIBRARY = "libc++";
				CLANG_ENABLE_MODULES = YES;
				CLANG_ENABLE_OBJC_ARC = YES;
				CLANG_WARN_BOOL_CONVERSION = YES;
				CLANG_WARN_CONSTANT_CONVERSION = YES;
				CLANG_WARN_DIRECT_OBJC_ISA_USAGE = YES_ERROR;
				CLANG_WARN_DOCUMENTATION_COMMENTS = YES;
				CLANG_WARN_EMPTY_BODY = YES;
				CLANG_WARN_ENUM_CONVERSION = YES;
				CLANG_WARN_INFINITE_RECURSION = YES;
				CLANG_WARN_INT_CONVERSION = YES;
				CLANG_WARN_OBJC_ROOT_CLASS = YES_ERROR;
				CLANG_WARN_SUSPICIOUS_MOVE = YES;
				CLANG_WARN_UNREACHABLE_CODE = YES;
				CLANG_WARN__DUPLICATE_METHOD_MATCH = YES;
				"CODE_SIGN_IDENTITY[sdk=iphoneos*]" = "iPhone Developer";
				COPY_PHASE_STRIP = NO;
				DEBUG_INFORMATION_FORMAT = dwarf;
				ENABLE_STRICT_OBJC_MSGSEND = YES;
				ENABLE_TESTABILITY = YES;
				GCC_C_LANGUAGE_STANDARD = gnu99;
				GCC_DYNAMIC_NO_PIC = NO;
				GCC_NO_COMMON_BLOCKS = YES;
				GCC_OPTIMIZATION_LEVEL = 0;
				GCC_PREPROCESSOR_DEFINITIONS = (
					"DEBUG=1",
					"$(inherited)",
				);
				GCC_WARN_64_TO_32_BIT_CONVERSION = YES;
				GCC_WARN_ABOUT_RETURN_TYPE = YES_ERROR;
				GCC_WARN_UNDECLARED_SELECTOR = YES;
				GCC_WARN_UNINITIALIZED_AUTOS = YES_AGGRESSIVE;
				GCC_WARN_UNUSED_FUNCTION = YES;
				GCC_WARN_UNUSED_VARIABLE = YES;
				IPHONEOS_DEPLOYMENT_TARGET = 10.3;
				MTL_ENABLE_DEBUG_INFO = YES;
				ONLY_ACTIVE_ARCH = YES;
				SDKROOT = iphoneos;
				SWIFT_ACTIVE_COMPILATION_CONDITIONS = DEBUG;
				SWIFT_OPTIMIZATION_LEVEL = "-Onone";
			};
			name = Debug;
		};
		9111B4121EE8901C009F18E3 /* Release */ = {
			isa = XCBuildConfiguration;
			buildSettings = {
				ALWAYS_SEARCH_USER_PATHS = NO;
				CLANG_ANALYZER_NONNULL = YES;
				CLANG_ANALYZER_NUMBER_OBJECT_CONVERSION = YES_AGGRESSIVE;
				CLANG_CXX_LANGUAGE_STANDARD = "gnu++0x";
				CLANG_CXX_LIBRARY = "libc++";
				CLANG_ENABLE_MODULES = YES;
				CLANG_ENABLE_OBJC_ARC = YES;
				CLANG_WARN_BOOL_CONVERSION = YES;
				CLANG_WARN_CONSTANT_CONVERSION = YES;
				CLANG_WARN_DIRECT_OBJC_ISA_USAGE = YES_ERROR;
				CLANG_WARN_DOCUMENTATION_COMMENTS = YES;
				CLANG_WARN_EMPTY_BODY = YES;
				CLANG_WARN_ENUM_CONVERSION = YES;
				CLANG_WARN_INFINITE_RECURSION = YES;
				CLANG_WARN_INT_CONVERSION = YES;
				CLANG_WARN_OBJC_ROOT_CLASS = YES_ERROR;
				CLANG_WARN_SUSPICIOUS_MOVE = YES;
				CLANG_WARN_UNREACHABLE_CODE = YES;
				CLANG_WARN__DUPLICATE_METHOD_MATCH = YES;
				"CODE_SIGN_IDENTITY[sdk=iphoneos*]" = "iPhone Developer";
				COPY_PHASE_STRIP = NO;
				DEBUG_INFORMATION_FORMAT = "dwarf-with-dsym";
				ENABLE_NS_ASSERTIONS = NO;
				ENABLE_STRICT_OBJC_MSGSEND = YES;
				GCC_C_LANGUAGE_STANDARD = gnu99;
				GCC_NO_COMMON_BLOCKS = YES;
				GCC_WARN_64_TO_32_BIT_CONVERSION = YES;
				GCC_WARN_ABOUT_RETURN_TYPE = YES_ERROR;
				GCC_WARN_UNDECLARED_SELECTOR = YES;
				GCC_WARN_UNINITIALIZED_AUTOS = YES_AGGRESSIVE;
				GCC_WARN_UNUSED_FUNCTION = YES;
				GCC_WARN_UNUSED_VARIABLE = YES;
				IPHONEOS_DEPLOYMENT_TARGET = 10.3;
				MTL_ENABLE_DEBUG_INFO = NO;
				SDKROOT = iphoneos;
				SWIFT_OPTIMIZATION_LEVEL = "-Owholemodule";
				VALIDATE_PRODUCT = YES;
			};
			name = Release;
		};
		9111B4141EE8901C009F18E3 /* Debug */ = {
			isa = XCBuildConfiguration;
			buildSettings = {
				ASSETCATALOG_COMPILER_APPICON_NAME = AppIcon;
				INFOPLIST_FILE = Animations/Info.plist;
				LD_RUNPATH_SEARCH_PATHS = "$(inherited) @executable_path/Frameworks";
				PRODUCT_BUNDLE_IDENTIFIER = com.braaaaap.Animations;
				PRODUCT_NAME = "$(TARGET_NAME)";
				SWIFT_VERSION = 3.0;
			};
			name = Debug;
		};
		9111B4151EE8901C009F18E3 /* Release */ = {
			isa = XCBuildConfiguration;
			buildSettings = {
				ASSETCATALOG_COMPILER_APPICON_NAME = AppIcon;
				INFOPLIST_FILE = Animations/Info.plist;
				LD_RUNPATH_SEARCH_PATHS = "$(inherited) @executable_path/Frameworks";
				PRODUCT_BUNDLE_IDENTIFIER = com.braaaaap.Animations;
				PRODUCT_NAME = "$(TARGET_NAME)";
				SWIFT_VERSION = 3.0;
			};
			name = Release;
		};
/* End XCBuildConfiguration section */

/* Begin XCConfigurationList section */
		9111B3FC1EE8901C009F18E3 /* Build configuration list for PBXProject "Animations" */ = {
			isa = XCConfigurationList;
			buildConfigurations = (
				9111B4111EE8901C009F18E3 /* Debug */,
				9111B4121EE8901C009F18E3 /* Release */,
			);
			defaultConfigurationIsVisible = 0;
			defaultConfigurationName = Release;
		};
		9111B4131EE8901C009F18E3 /* Build configuration list for PBXNativeTarget "Animations" */ = {
			isa = XCConfigurationList;
			buildConfigurations = (
				9111B4141EE8901C009F18E3 /* Debug */,
				9111B4151EE8901C009F18E3 /* Release */,
			);
			defaultConfigurationIsVisible = 0;
		};
/* End XCConfigurationList section */
	};
	rootObject = 9111B3F91EE8901C009F18E3 /* Project object */;
}
